# THIS IS AN AUTOGENERATED FILE. DO NOT EDIT THIS FILE DIRECTLY.
# yarn lockfile v1


nodemailer@^6.7.8:
  version "6.7.8"
  resolved "https://registry.yarnpkg.com/nodemailer/-/nodemailer-6.7.8.tgz#9f1af9911314960c0b889079e1754e8d9e3f740a"
  integrity sha512-2zaTFGqZixVmTxpJRCFC+Vk5eGRd/fYtvIR+dl5u9QXLTQWGIf48x/JXvo58g9sa0bU6To04XUv554Paykum3g==
